// !$*UTF8*$!
{
	archiveVersion = 1;
	classes = {
	};
	objectVersion = 50;
	objects = {

/* Begin PBXBuildFile section */
		CB12DD41212CBAFE0033EF26 /* AppDelegate.swift in Sources */ = {isa = PBXBuildFile; fileRef = CB12DD40212CBAFE0033EF26 /* AppDelegate.swift */; };
		CB12DD43212CBAFE0033EF26 /* MemeScreenViewController.swift in Sources */ = {isa = PBXBuildFile; fileRef = CB12DD42212CBAFE0033EF26 /* MemeScreenViewController.swift */; };
		CB12DD46212CBAFE0033EF26 /* Main.storyboard in Resources */ = {isa = PBXBuildFile; fileRef = CB12DD44212CBAFE0033EF26 /* Main.storyboard */; };
		CB12DD48212CBAFF0033EF26 /* Assets.xcassets in Resources */ = {isa = PBXBuildFile; fileRef = CB12DD47212CBAFF0033EF26 /* Assets.xcassets */; };
		CB12DD4B212CBAFF0033EF26 /* LaunchScreen.storyboard in Resources */ = {isa = PBXBuildFile; fileRef = CB12DD49212CBAFF0033EF26 /* LaunchScreen.storyboard */; };
		CB12DD532131E4B60033EF26 /* Meme.swift in Sources */ = {isa = PBXBuildFile; fileRef = CB12DD522131E4B60033EF26 /* Meme.swift */; };
		CBCC7A62215C680000E09EDF /* UIViewController.swift in Sources */ = {isa = PBXBuildFile; fileRef = CBCC7A61215C680000E09EDF /* UIViewController.swift */; };
		CBD74848215B2C14001E53D1 /* MemeDetailViewController.swift in Sources */ = {isa = PBXBuildFile; fileRef = CBD74847215B2C14001E53D1 /* MemeDetailViewController.swift */; };
		CBF4524D21570D1400EB61FE /* ListViewController.swift in Sources */ = {isa = PBXBuildFile; fileRef = CBF4524C21570D1400EB61FE /* ListViewController.swift */; };
		CBF4524F21570D3E00EB61FE /* GridViewController.swift in Sources */ = {isa = PBXBuildFile; fileRef = CBF4524E21570D3E00EB61FE /* GridViewController.swift */; };
/* End PBXBuildFile section */

/* Begin PBXFileReference section */
		CB12DD3D212CBAFE0033EF26 /* MeMe2.app */ = {isa = PBXFileReference; explicitFileType = wrapper.application; includeInIndex = 0; path = MeMe2.app; sourceTree = BUILT_PRODUCTS_DIR; };
		CB12DD40212CBAFE0033EF26 /* AppDelegate.swift */ = {isa = PBXFileReference; lastKnownFileType = sourcecode.swift; path = AppDelegate.swift; sourceTree = "<group>"; };
		CB12DD42212CBAFE0033EF26 /* MemeScreenViewController.swift */ = {isa = PBXFileReference; lastKnownFileType = sourcecode.swift; path = MemeScreenViewController.swift; sourceTree = "<group>"; };
		CB12DD45212CBAFE0033EF26 /* Base */ = {isa = PBXFileReference; lastKnownFileType = file.storyboard; name = Base; path = Base.lproj/Main.storyboard; sourceTree = "<group>"; };
		CB12DD47212CBAFF0033EF26 /* Assets.xcassets */ = {isa = PBXFileReference; lastKnownFileType = folder.assetcatalog; path = Assets.xcassets; sourceTree = "<group>"; };
		CB12DD4A212CBAFF0033EF26 /* Base */ = {isa = PBXFileReference; lastKnownFileType = file.storyboard; name = Base; path = Base.lproj/LaunchScreen.storyboard; sourceTree = "<group>"; };
		CB12DD4C212CBAFF0033EF26 /* Info.plist */ = {isa = PBXFileReference; lastKnownFileType = text.plist.xml; path = Info.plist; sourceTree = "<group>"; };
		CB12DD522131E4B60033EF26 /* Meme.swift */ = {isa = PBXFileReference; lastKnownFileType = sourcecode.swift; path = Meme.swift; sourceTree = "<group>"; };
		CBCC7A61215C680000E09EDF /* UIViewController.swift */ = {isa = PBXFileReference; lastKnownFileType = sourcecode.swift; path = UIViewController.swift; sourceTree = "<group>"; };
		CBD74847215B2C14001E53D1 /* MemeDetailViewController.swift */ = {isa = PBXFileReference; lastKnownFileType = sourcecode.swift; path = MemeDetailViewController.swift; sourceTree = "<group>"; };
		CBF4524C21570D1400EB61FE /* ListViewController.swift */ = {isa = PBXFileReference; lastKnownFileType = sourcecode.swift; path = ListViewController.swift; sourceTree = "<group>"; };
		CBF4524E21570D3E00EB61FE /* GridViewController.swift */ = {isa = PBXFileReference; lastKnownFileType = sourcecode.swift; path = GridViewController.swift; sourceTree = "<group>"; };
/* End PBXFileReference section */

/* Begin PBXFrameworksBuildPhase section */
		CB12DD3A212CBAFE0033EF26 /* Frameworks */ = {
			isa = PBXFrameworksBuildPhase;
			buildActionMask = 2147483647;
			files = (
			);
			runOnlyForDeploymentPostprocessing = 0;
		};
/* End PBXFrameworksBuildPhase section */

/* Begin PBXGroup section */
		CB12DD34212CBAFE0033EF26 = {
			isa = PBXGroup;
			children = (
				CB12DD3F212CBAFE0033EF26 /* MemeMe2 */,
				CB12DD3E212CBAFE0033EF26 /* Products */,
			);
			sourceTree = "<group>";
		};
		CB12DD3E212CBAFE0033EF26 /* Products */ = {
			isa = PBXGroup;
			children = (
				CB12DD3D212CBAFE0033EF26 /* MeMe2.app */,
			);
			name = Products;
			sourceTree = "<group>";
		};
		CB12DD3F212CBAFE0033EF26 /* MemeMe2 */ = {
			isa = PBXGroup;
			children = (
				CCF8E1AF24B80910003FDD0E /* Model */,
				CCF8E1AE24B8090D003FDD0E /* View */,
				CCF8E1AD24B80905003FDD0E /* Controller */,
				CB12DD47212CBAFF0033EF26 /* Assets.xcassets */,
				CB12DD4C212CBAFF0033EF26 /* Info.plist */,
			);
			path = MemeMe2;
			sourceTree = "<group>";
		};
		CCF8E1AD24B80905003FDD0E /* Controller */ = {
			isa = PBXGroup;
			children = (
				CBCC7A61215C680000E09EDF /* UIViewController.swift */,
				CB12DD42212CBAFE0033EF26 /* MemeScreenViewController.swift */,
				CBF4524C21570D1400EB61FE /* ListViewController.swift */,
				CBF4524E21570D3E00EB61FE /* GridViewController.swift */,
				CBD74847215B2C14001E53D1 /* MemeDetailViewController.swift */,
			);
			path = Controller;
			sourceTree = "<group>";
		};
		CCF8E1AE24B8090D003FDD0E /* View */ = {
			isa = PBXGroup;
			children = (
				CB12DD49212CBAFF0033EF26 /* LaunchScreen.storyboard */,
				CB12DD44212CBAFE0033EF26 /* Main.storyboard */,
			);
			path = View;
			sourceTree = "<group>";
		};
		CCF8E1AF24B80910003FDD0E /* Model */ = {
			isa = PBXGroup;
			children = (
				CB12DD40212CBAFE0033EF26 /* AppDelegate.swift */,
				CB12DD522131E4B60033EF26 /* Meme.swift */,
			);
			path = Model;
			sourceTree = "<group>";
		};
/* End PBXGroup section */

/* Begin PBXNativeTarget section */
		CB12DD3C212CBAFE0033EF26 /* MeMe2 */ = {
			isa = PBXNativeTarget;
			buildConfigurationList = CB12DD4F212CBAFF0033EF26 /* Build configuration list for PBXNativeTarget "MeMe2" */;
			buildPhases = (
				CB12DD39212CBAFE0033EF26 /* Sources */,
				CB12DD3A212CBAFE0033EF26 /* Frameworks */,
				CB12DD3B212CBAFE0033EF26 /* Resources */,
			);
			buildRules = (
			);
			dependencies = (
			);
			name = MeMe2;
			productName = MemeMe;
			productReference = CB12DD3D212CBAFE0033EF26 /* MeMe2.app */;
			productType = "com.apple.product-type.application";
		};
/* End PBXNativeTarget section */

/* Begin PBXProject section */
		CB12DD35212CBAFE0033EF26 /* Project object */ = {
			isa = PBXProject;
			attributes = {
				LastSwiftUpdateCheck = 0940;
				LastUpgradeCheck = 0940;
				ORGANIZATIONNAME = Leptocode;
				TargetAttributes = {
					CB12DD3C212CBAFE0033EF26 = {
						CreatedOnToolsVersion = 9.4.1;
						LastSwiftMigration = 1030;
					};
				};
			};
			buildConfigurationList = CB12DD38212CBAFE0033EF26 /* Build configuration list for PBXProject "MeMe2" */;
			compatibilityVersion = "Xcode 9.3";
			developmentRegion = en;
			hasScannedForEncodings = 0;
			knownRegions = (
				en,
				Base,
			);
			mainGroup = CB12DD34212CBAFE0033EF26;
			productRefGroup = CB12DD3E212CBAFE0033EF26 /* Products */;
			projectDirPath = "";
			projectRoot = "";
			targets = (
				CB12DD3C212CBAFE0033EF26 /* MeMe2 */,
			);
		};
/* End PBXProject section */

/* Begin PBXResourcesBuildPhase section */
		CB12DD3B212CBAFE0033EF26 /* Resources */ = {
			isa = PBXResourcesBuildPhase;
			buildActionMask = 2147483647;
			files = (
				CB12DD4B212CBAFF0033EF26 /* LaunchScreen.storyboard in Resources */,
				CB12DD48212CBAFF0033EF26 /* Assets.xcassets in Resources */,
				CB12DD46212CBAFE0033EF26 /* Main.storyboard in Resources */,
			);
			runOnlyForDeploymentPostprocessing = 0;
		};
/* End PBXResourcesBuildPhase section */

/* Begin PBXSourcesBuildPhase section */
		CB12DD39212CBAFE0033EF26 /* Sources */ = {
			isa = PBXSourcesBuildPhase;
			buildActionMask = 2147483647;
			files = (
				CBCC7A62215C680000E09EDF /* UIViewController.swift in Sources */,
				CB12DD532131E4B60033EF26 /* Meme.swift in Sources */,
				CB12DD43212CBAFE0033EF26 /* MemeScreenViewController.swift in Sources */,
				CBF4524D21570D1400EB61FE /* ListViewController.swift in Sources */,
				CBD74848215B2C14001E53D1 /* MemeDetailViewController.swift in Sources */,
				CBF4524F21570D3E00EB61FE /* GridViewController.swift in Sources */,
				CB12DD41212CBAFE0033EF26 /* AppDelegate.swift in Sources */,
			);
			runOnlyForDeploymentPostprocessing = 0;
		};
/* End PBXSourcesBuildPhase section */

/* Begin PBXVariantGroup section */
		CB12DD44212CBAFE0033EF26 /* Main.storyboard */ = {
			isa = PBXVariantGroup;
			children = (
				CB12DD45212CBAFE0033EF26 /* Base */,
			);
			name = Main.storyboard;
			sourceTree = "<group>";
		};
		CB12DD49212CBAFF0033EF26 /* LaunchScreen.storyboard */ = {
			isa = PBXVariantGroup;
			children = (
				CB12DD4A212CBAFF0033EF26 /* Base */,
			);
			name = LaunchScreen.storyboard;
			sourceTree = "<group>";
		};
/* End PBXVariantGroup section */

/* Begin XCBuildConfiguration section */
		CB12DD4D212CBAFF0033EF26 /* Debug */ = {
			isa = XCBuildConfiguration;
			buildSettings = {
				ALWAYS_SEARCH_USER_PATHS = NO;
				CLANG_ANALYZER_NONNULL = YES;
				CLANG_ANALYZER_NUMBER_OBJECT_CONVERSION = YES_AGGRESSIVE;
				CLANG_CXX_LANGUAGE_STANDARD = "gnu++14";
				CLANG_CXX_LIBRARY = "libc++";
				CLANG_ENABLE_MODULES = YES;
				CLANG_ENABLE_OBJC_ARC = YES;
				CLANG_ENABLE_OBJC_WEAK = YES;
				CLANG_WARN_BLOCK_CAPTURE_AUTORELEASING = YES;
				CLANG_WARN_BOOL_CONVERSION = YES;
				CLANG_WARN_COMMA = YES;
				CLANG_WARN_CONSTANT_CONVERSION = YES;
				CLANG_WARN_DEPRECATED_OBJC_IMPLEMENTATIONS = YES;
				CLANG_WARN_DIRECT_OBJC_ISA_USAGE = YES_ERROR;
				CLANG_WARN_DOCUMENTATION_COMMENTS = YES;
				CLANG_WARN_EMPTY_BODY = YES;
				CLANG_WARN_ENUM_CONVERSION = YES;
				CLANG_WARN_INFINITE_RECURSION = YES;
				CLANG_WARN_INT_CONVERSION = YES;
				CLANG_WARN_NON_LITERAL_NULL_CONVERSION = YES;
				CLANG_WARN_OBJC_IMPLICIT_RETAIN_SELF = YES;
				CLANG_WARN_OBJC_LITERAL_CONVERSION = YES;
				CLANG_WARN_OBJC_ROOT_CLASS = YES_ERROR;
				CLANG_WARN_RANGE_LOOP_ANALYSIS = YES;
				CLANG_WARN_STRICT_PROTOTYPES = YES;
				CLANG_WARN_SUSPICIOUS_MOVE = YES;
				CLANG_WARN_UNGUARDED_AVAILABILITY = YES_AGGRESSIVE;
				CLANG_WARN_UNREACHABLE_CODE = YES;
				CLANG_WARN__DUPLICATE_METHOD_MATCH = YES;
				CODE_SIGN_IDENTITY = "iPhone Developer";
				COPY_PHASE_STRIP = NO;
				DEBUG_INFORMATION_FORMAT = dwarf;
				ENABLE_STRICT_OBJC_MSGSEND = YES;
				ENABLE_TESTABILITY = YES;
				GCC_C_LANGUAGE_STANDARD = gnu11;
				GCC_DYNAMIC_NO_PIC = NO;
				GCC_NO_COMMON_BLOCKS = YES;
				GCC_OPTIMIZATION_LEVEL = 0;
				GCC_PREPROCESSOR_DEFINITIONS = (
					"DEBUG=1",
					"$(inherited)",
				);
				GCC_WARN_64_TO_32_BIT_CONVERSION = YES;
				GCC_WARN_ABOUT_RETURN_TYPE = YES_ERROR;
				GCC_WARN_UNDECLARED_SELECTOR = YES;
				GCC_WARN_UNINITIALIZED_AUTOS = YES_AGGRESSIVE;
				GCC_WARN_UNUSED_FUNCTION = YES;
				GCC_WARN_UNUSED_VARIABLE = YES;
				IPHONEOS_DEPLOYMENT_TARGET = 11.4;
				MTL_ENABLE_DEBUG_INFO = YES;
				ONLY_ACTIVE_ARCH = YES;
				SDKROOT = iphoneos;
				SWIFT_ACTIVE_COMPILATION_CONDITIONS = DEBUG;
				SWIFT_OPTIMIZATION_LEVEL = "-Onone";
			};
			name = Debug;
		};
		CB12DD4E212CBAFF0033EF26 /* Release */ = {
			isa = XCBuildConfiguration;
			buildSettings = {
				ALWAYS_SEARCH_USER_PATHS = NO;
				CLANG_ANALYZER_NONNULL = YES;
				CLANG_ANALYZER_NUMBER_OBJECT_CONVERSION = YES_AGGRESSIVE;
				CLANG_CXX_LANGUAGE_STANDARD = "gnu++14";
				CLANG_CXX_LIBRARY = "libc++";
				CLANG_ENABLE_MODULES = YES;
				CLANG_ENABLE_OBJC_ARC = YES;
				CLANG_ENABLE_OBJC_WEAK = YES;
				CLANG_WARN_BLOCK_CAPTURE_AUTORELEASING = YES;
				CLANG_WARN_BOOL_CONVERSION = YES;
				CLANG_WARN_COMMA = YES;
				CLANG_WARN_CONSTANT_CONVERSION = YES;
				CLANG_WARN_DEPRECATED_OBJC_IMPLEMENTATIONS = YES;
				CLANG_WARN_DIRECT_OBJC_ISA_USAGE = YES_ERROR;
				CLANG_WARN_DOCUMENTATION_COMMENTS = YES;
				CLANG_WARN_EMPTY_BODY = YES;
				CLANG_WARN_ENUM_CONVERSION = YES;
				CLANG_WARN_INFINITE_RECURSION = YES;
				CLANG_WARN_INT_CONVERSION = YES;
				CLANG_WARN_NON_LITERAL_NULL_CONVERSION = YES;
				CLANG_WARN_OBJC_IMPLICIT_RETAIN_SELF = YES;
				CLANG_WARN_OBJC_LITERAL_CONVERSION = YES;
				CLANG_WARN_OBJC_ROOT_CLASS = YES_ERROR;
				CLANG_WARN_RANGE_LOOP_ANALYSIS = YES;
				CLANG_WARN_STRICT_PROTOTYPES = YES;
				CLANG_WARN_SUSPICIOUS_MOVE = YES;
				CLANG_WARN_UNGUARDED_AVAILABILITY = YES_AGGRESSIVE;
				CLANG_WARN_UNREACHABLE_CODE = YES;
				CLANG_WARN__DUPLICATE_METHOD_MATCH = YES;
				CODE_SIGN_IDENTITY = "iPhone Developer";
				COPY_PHASE_STRIP = NO;
				DEBUG_INFORMATION_FORMAT = "dwarf-with-dsym";
				ENABLE_NS_ASSERTIONS = NO;
				ENABLE_STRICT_OBJC_MSGSEND = YES;
				GCC_C_LANGUAGE_STANDARD = gnu11;
				GCC_NO_COMMON_BLOCKS = YES;
				GCC_WARN_64_TO_32_BIT_CONVERSION = YES;
				GCC_WARN_ABOUT_RETURN_TYPE = YES_ERROR;
				GCC_WARN_UNDECLARED_SELECTOR = YES;
				GCC_WARN_UNINITIALIZED_AUTOS = YES_AGGRESSIVE;
				GCC_WARN_UNUSED_FUNCTION = YES;
				GCC_WARN_UNUSED_VARIABLE = YES;
				IPHONEOS_DEPLOYMENT_TARGET = 11.4;
				MTL_ENABLE_DEBUG_INFO = NO;
				SDKROOT = iphoneos;
				SWIFT_COMPILATION_MODE = wholemodule;
				SWIFT_OPTIMIZATION_LEVEL = "-O";
				VALIDATE_PRODUCT = YES;
			};
			name = Release;
		};
		CB12DD50212CBAFF0033EF26 /* Debug */ = {
			isa = XCBuildConfiguration;
			buildSettings = {
				ASSETCATALOG_COMPILER_APPICON_NAME = AppIcon;
				CODE_SIGN_STYLE = Automatic;
				DEVELOPMENT_TEAM = VWS526K25D;
				INFOPLIST_FILE = "$(SRCROOT)/MemeMe2/Info.plist";
				LD_RUNPATH_SEARCH_PATHS = (
					"$(inherited)",
					"@executable_path/Frameworks",
				);
				PRODUCT_BUNDLE_IDENTIFIER = "com.gmail.leptocode-meme2";
				PRODUCT_NAME = "$(TARGET_NAME)";
				SWIFT_VERSION = 5.0;
				TARGETED_DEVICE_FAMILY = "1,2";
			};
			name = Debug;
		};
		CB12DD51212CBAFF0033EF26 /* Release */ = {
			isa = XCBuildConfiguration;
			buildSettings = {
				ASSETCATALOG_COMPILER_APPICON_NAME = AppIcon;
				CODE_SIGN_STYLE = Automatic;
				DEVELOPMENT_TEAM = VWS526K25D;
				INFOPLIST_FILE = "$(SRCROOT)/MemeMe2/Info.plist";
				LD_RUNPATH_SEARCH_PATHS = (
					"$(inherited)",
					"@executable_path/Frameworks",
				);
				PRODUCT_BUNDLE_IDENTIFIER = "com.gmail.leptocode-meme2";
				PRODUCT_NAME = "$(TARGET_NAME)";
				SWIFT_VERSION = 5.0;
				TARGETED_DEVICE_FAMILY = "1,2";
			};
			name = Release;
		};
/* End XCBuildConfiguration section */

/* Begin XCConfigurationList section */
		CB12DD38212CBAFE0033EF26 /* Build configuration list for PBXProject "MeMe2" */ = {
			isa = XCConfigurationList;
			buildConfigurations = (
				CB12DD4D212CBAFF0033EF26 /* Debug */,
				CB12DD4E212CBAFF0033EF26 /* Release */,
			);
			defaultConfigurationIsVisible = 0;
			defaultConfigurationName = Release;
		};
		CB12DD4F212CBAFF0033EF26 /* Build configuration list for PBXNativeTarget "MeMe2" */ = {
			isa = XCConfigurationList;
			buildConfigurations = (
				CB12DD50212CBAFF0033EF26 /* Debug */,
				CB12DD51212CBAFF0033EF26 /* Release */,
			);
			defaultConfigurationIsVisible = 0;
			defaultConfigurationName = Release;
		};
/* End XCConfigurationList section */
	};
	rootObject = CB12DD35212CBAFE0033EF26 /* Project object */;
}
